{
  "name": "parcel-vue",
  "lockfileVersion": 2,
  "requires": true,
  "packages": {
    "": {
      "dependencies": {
        "vue": "^2.7.13",
        "vue-hot-reload-api": "^2.3.4"
      },
      "devDependencies": {
        "@vue/component-compiler-utils": "^3.3.0",
        "vue-template-compiler": "^2.7.13"
      }
    },
    "node_modules/@babel/parser": {
      "version": "7.19.6",
      "resolved": "https://registry.npmmirror.com/@babel/parser/-/parser-7.19.6.tgz",
      "integrity": "sha512-h1IUp81s2JYJ3mRkdxJgs4UvmSsRvDrx5ICSJbPvtWYv5i1nTBGcBpnog+89rAFMwvvru6E5NUHdBe01UeSzYA==",
      "bin": {
        "parser": "bin/babel-parser.js"
      },
      "engines": {
        "node": ">=6.0.0"
      }
    },
    "node_modules/@vue/compiler-sfc": {
      "version": "2.7.13",
      "resolved": "https://registry.npmmirror.com/@vue/compiler-sfc/-/compiler-sfc-2.7.13.tgz",
      "integrity": "sha512-zzu2rLRZlgIU+OT3Atbr7Y6PG+LW4wVQpPfNRrGDH3dM9PsrcVfa+1pKb8bW467bGM3aDOvAnsYLWVpYIv3GRg==",
      "dependencies": {
        "@babel/parser": "^7.18.4",
        "postcss": "^8.4.14",
        "source-map": "^0.6.1"
      }
    },
    "node_modules/@vue/component-compiler-utils": {
      "version": "3.3.0",
      "resolved": "https://registry.npmmirror.com/@vue/component-compiler-utils/-/component-compiler-utils-3.3.0.tgz",
      "integrity": "sha512-97sfH2mYNU+2PzGrmK2haqffDpVASuib9/w2/noxiFi31Z54hW+q3izKQXXQZSNhtiUpAI36uSuYepeBe4wpHQ==",
      "dev": true,
      "dependencies": {
        "consolidate": "^0.15.1",
        "hash-sum": "^1.0.2",
        "lru-cache": "^4.1.2",
        "merge-source-map": "^1.1.0",
        "postcss": "^7.0.36",
        "postcss-selector-parser": "^6.0.2",
        "source-map": "~0.6.1",
        "vue-template-es2015-compiler": "^1.9.0"
      },
      "optionalDependencies": {
        "prettier": "^1.18.2 || ^2.0.0"
      }
    },
    "node_modules/@vue/component-compiler-utils/node_modules/picocolors": {
      "version": "0.2.1",
      "resolved": "https://registry.npmmirror.com/picocolors/-/picocolors-0.2.1.tgz",
      "integrity": "sha512-cMlDqaLEqfSaW8Z7N5Jw+lyIW869EzT73/F5lhtY9cLGoVxSXznfgfXMO0Z5K0o0Q2TkTXq+0KFsdnSe3jDViA==",
      "dev": true
    },
    "node_modules/@vue/component-compiler-utils/node_modules/postcss": {
      "version": "7.0.39",
      "resolved": "https://registry.npmmirror.com/postcss/-/postcss-7.0.39.tgz",
      "integrity": "sha512-yioayjNbHn6z1/Bywyb2Y4s3yvDAeXGOyxqD+LnVOinq6Mdmd++SW2wUNVzavyyHxd6+DxzWGIuosg6P1Rj8uA==",
      "dev": true,
      "dependencies": {
        "picocolors": "^0.2.1",
        "source-map": "^0.6.1"
      },
      "engines": {
        "node": ">=6.0.0"
      }
    },
    "node_modules/bluebird": {
      "version": "3.7.2",
      "resolved": "https://registry.npmmirror.com/bluebird/-/bluebird-3.7.2.tgz",
      "integrity": "sha512-XpNj6GDQzdfW+r2Wnn7xiSAd7TM3jzkxGXBGTtWKuSXv1xUV+azxAm8jdWZN06QTQk+2N2XB9jRDkvbmQmcRtg==",
      "dev": true
    },
    "node_modules/consolidate": {
      "version": "0.15.1",
      "resolved": "https://registry.npmmirror.com/consolidate/-/consolidate-0.15.1.tgz",
      "integrity": "sha512-DW46nrsMJgy9kqAbPt5rKaCr7uFtpo4mSUvLHIUbJEjm0vo+aY5QLwBUq3FK4tRnJr/X0Psc0C4jf/h+HtXSMw==",
      "dev": true,
      "dependencies": {
        "bluebird": "^3.1.1"
      },
      "engines": {
        "node": ">= 0.10.0"
      }
    },
    "node_modules/cssesc": {
      "version": "3.0.0",
      "resolved": "https://registry.npmmirror.com/cssesc/-/cssesc-3.0.0.tgz",
      "integrity": "sha512-/Tb/JcjK111nNScGob5MNtsntNM1aCNUDipB/TkwZFhyDrrE47SOx/18wF2bbjgc3ZzCSKW1T5nt5EbFoAz/Vg==",
      "dev": true,
      "bin": {
        "cssesc": "bin/cssesc"
      },
      "engines": {
        "node": ">=4"
      }
    },
    "node_modules/csstype": {
      "version": "3.1.1",
      "resolved": "https://registry.npmmirror.com/csstype/-/csstype-3.1.1.tgz",
      "integrity": "sha512-DJR/VvkAvSZW9bTouZue2sSxDwdTN92uHjqeKVm+0dAqdfNykRzQ95tay8aXMBAAPpUiq4Qcug2L7neoRh2Egw=="
    },
    "node_modules/de-indent": {
      "version": "1.0.2",
      "resolved": "https://registry.npmmirror.com/de-indent/-/de-indent-1.0.2.tgz",
      "integrity": "sha512-e/1zu3xH5MQryN2zdVaF0OrdNLUbvWxzMbi+iNA6Bky7l1RoP8a2fIbRocyHclXt/arDrrR6lL3TqFD9pMQTsg==",
      "dev": true
    },
    "node_modules/hash-sum": {
      "version": "1.0.2",
      "resolved": "https://registry.npmmirror.com/hash-sum/-/hash-sum-1.0.2.tgz",
      "integrity": "sha512-fUs4B4L+mlt8/XAtSOGMUO1TXmAelItBPtJG7CyHJfYTdDjwisntGO2JQz7oUsatOY9o68+57eziUVNw/mRHmA==",
      "dev": true
    },
    "node_modules/he": {
      "version": "1.2.0",
      "resolved": "https://registry.npmmirror.com/he/-/he-1.2.0.tgz",
      "integrity": "sha512-F/1DnUGPopORZi0ni+CvrCgHQ5FyEAHRLSApuYWMmrbSwoN2Mn/7k+Gl38gJnR7yyDZk6WLXwiGod1JOWNDKGw==",
      "dev": true,
      "bin": {
        "he": "bin/he"
      }
    },
    "node_modules/lru-cache": {
      "version": "4.1.5",
      "resolved": "https://registry.npmmirror.com/lru-cache/-/lru-cache-4.1.5.tgz",
      "integrity": "sha512-sWZlbEP2OsHNkXrMl5GYk/jKk70MBng6UU4YI/qGDYbgf6YbP4EvmqISbXCoJiRKs+1bSpFHVgQxvJ17F2li5g==",
      "dev": true,
      "dependencies": {
        "pseudomap": "^1.0.2",
        "yallist": "^2.1.2"
      }
    },
    "node_modules/merge-source-map": {
      "version": "1.1.0",
      "resolved": "https://registry.npmmirror.com/merge-source-map/-/merge-source-map-1.1.0.tgz",
      "integrity": "sha512-Qkcp7P2ygktpMPh2mCQZaf3jhN6D3Z/qVZHSdWvQ+2Ef5HgRAPBO57A77+ENm0CPx2+1Ce/MYKi3ymqdfuqibw==",
      "dev": true,
      "dependencies": {
        "source-map": "^0.6.1"
      }
    },
    "node_modules/nanoid": {
      "version": "3.3.4",
      "resolved": "https://registry.npmmirror.com/nanoid/-/nanoid-3.3.4.tgz",
      "integrity": "sha512-MqBkQh/OHTS2egovRtLk45wEyNXwF+cokD+1YPf9u5VfJiRdAiRwB2froX5Co9Rh20xs4siNPm8naNotSD6RBw==",
      "bin": {
        "nanoid": "bin/nanoid.cjs"
      },
      "engines": {
        "node": "^10 || ^12 || ^13.7 || ^14 || >=15.0.1"
      }
    },
    "node_modules/picocolors": {
      "version": "1.0.0",
      "resolved": "https://registry.npmmirror.com/picocolors/-/picocolors-1.0.0.tgz",
      "integrity": "sha512-1fygroTLlHu66zi26VoTDv8yRgm0Fccecssto+MhsZ0D/DGW2sm8E8AjW7NU5VVTRt5GxbeZ5qBuJr+HyLYkjQ=="
    },
    "node_modules/postcss": {
      "version": "8.4.18",
      "resolved": "https://registry.npmmirror.com/postcss/-/postcss-8.4.18.tgz",
      "integrity": "sha512-Wi8mWhncLJm11GATDaQKobXSNEYGUHeQLiQqDFG1qQ5UTDPTEvKw0Xt5NsTpktGTwLps3ByrWsBrG0rB8YQ9oA==",
      "dependencies": {
        "nanoid": "^3.3.4",
        "picocolors": "^1.0.0",
        "source-map-js": "^1.0.2"
      },
      "engines": {
        "node": "^10 || ^12 || >=14"
      }
    },
    "node_modules/postcss-selector-parser": {
      "version": "6.0.10",
      "resolved": "https://registry.npmmirror.com/postcss-selector-parser/-/postcss-selector-parser-6.0.10.tgz",
      "integrity": "sha512-IQ7TZdoaqbT+LCpShg46jnZVlhWD2w6iQYAcYXfHARZ7X1t/UGhhceQDs5X0cGqKvYlHNOuv7Oa1xmb0oQuA3w==",
      "dev": true,
      "dependencies": {
        "cssesc": "^3.0.0",
        "util-deprecate": "^1.0.2"
      },
      "engines": {
        "node": ">=4"
      }
    },
    "node_modules/prettier": {
      "version": "2.7.1",
      "resolved": "https://registry.npmmirror.com/prettier/-/prettier-2.7.1.tgz",
      "integrity": "sha512-ujppO+MkdPqoVINuDFDRLClm7D78qbDt0/NR+wp5FqEZOoTNAjPHWj17QRhu7geIHJfcNhRk1XVQmF8Bp3ye+g==",
      "dev": true,
      "optional": true,
      "bin": {
        "prettier": "bin-prettier.js"
      },
      "engines": {
        "node": ">=10.13.0"
      }
    },
    "node_modules/pseudomap": {
      "version": "1.0.2",
      "resolved": "https://registry.npmmirror.com/pseudomap/-/pseudomap-1.0.2.tgz",
      "integrity": "sha512-b/YwNhb8lk1Zz2+bXXpS/LK9OisiZZ1SNsSLxN1x2OXVEhW2Ckr/7mWE5vrC1ZTiJlD9g19jWszTmJsB+oEpFQ==",
      "dev": true
    },
    "node_modules/source-map": {
      "version": "0.6.1",
      "resolved": "https://registry.npmmirror.com/source-map/-/source-map-0.6.1.tgz",
      "integrity": "sha512-UjgapumWlbMhkBgzT7Ykc5YXUT46F0iKu8SGXq0bcwP5dz/h0Plj6enJqjz1Zbq2l5WaqYnrVbwWOWMyF3F47g==",
      "engines": {
        "node": ">=0.10.0"
      }
    },
    "node_modules/source-map-js": {
      "version": "1.0.2",
      "resolved": "https://registry.npmmirror.com/source-map-js/-/source-map-js-1.0.2.tgz",
      "integrity": "sha512-R0XvVJ9WusLiqTCEiGCmICCMplcCkIwwR11mOSD9CR5u+IXYdiseeEuXCVAjS54zqwkLcPNnmU4OeJ6tUrWhDw==",
      "engines": {
        "node": ">=0.10.0"
      }
    },
    "node_modules/util-deprecate": {
      "version": "1.0.2",
      "resolved": "https://registry.npmmirror.com/util-deprecate/-/util-deprecate-1.0.2.tgz",
      "integrity": "sha512-EPD5q1uXyFxJpCrLnCc1nHnq3gOa6DZBocAIiI2TaSCA7VCJ1UJDMagCzIkXNsUYfD1daK//LTEQ8xiIbrHtcw==",
      "dev": true
    },
    "node_modules/vue": {
      "version": "2.7.13",
      "resolved": "https://registry.npmmirror.com/vue/-/vue-2.7.13.tgz",
      "integrity": "sha512-QnM6ULTNnPmn71eUO+4hdjfBIA3H0GLsBnchnI/kS678tjI45GOUZhXd0oP/gX9isikXz1PAzSnkPspp9EUNfQ==",
      "dependencies": {
        "@vue/compiler-sfc": "2.7.13",
        "csstype": "^3.1.0"
      }
    },
    "node_modules/vue-hot-reload-api": {
      "version": "2.3.4",
      "resolved": "https://registry.npmmirror.com/vue-hot-reload-api/-/vue-hot-reload-api-2.3.4.tgz",
      "integrity": "sha512-BXq3jwIagosjgNVae6tkHzzIk6a8MHFtzAdwhnV5VlvPTFxDCvIttgSiHWjdGoTJvXtmRu5HacExfdarRcFhog=="
    },
    "node_modules/vue-template-compiler": {
      "version": "2.7.13",
      "resolved": "https://registry.npmmirror.com/vue-template-compiler/-/vue-template-compiler-2.7.13.tgz",
      "integrity": "sha512-jYM6TClwDS9YqP48gYrtAtaOhRKkbYmbzE+Q51gX5YDr777n7tNI/IZk4QV4l/PjQPNh/FVa/E92sh/RqKMrog==",
      "dev": true,
      "dependencies": {
        "de-indent": "^1.0.2",
        "he": "^1.2.0"
      }
    },
    "node_modules/vue-template-es2015-compiler": {
      "version": "1.9.1",
      "resolved": "https://registry.npmmirror.com/vue-template-es2015-compiler/-/vue-template-es2015-compiler-1.9.1.tgz",
      "integrity": "sha512-4gDntzrifFnCEvyoO8PqyJDmguXgVPxKiIxrBKjIowvL9l+N66196+72XVYR8BBf1Uv1Fgt3bGevJ+sEmxfZzw==",
      "dev": true
    },
    "node_modules/yallist": {
      "version": "2.1.2",
      "resolved": "https://registry.npmmirror.com/yallist/-/yallist-2.1.2.tgz",
      "integrity": "sha512-ncTzHV7NvsQZkYe1DW7cbDLm0YpzHmZF5r/iyP3ZnQtMiJ+pjzisCiMNI+Sj+xQF5pXhSHxSB3uDbsBTzY/c2A==",
      "dev": true
    }
  },
  "dependencies": {
    "@babel/parser": {
      "version": "7.19.6",
      "resolved": "https://registry.npmmirror.com/@babel/parser/-/parser-7.19.6.tgz",
      "integrity": "sha512-h1IUp81s2JYJ3mRkdxJgs4UvmSsRvDrx5ICSJbPvtWYv5i1nTBGcBpnog+89rAFMwvvru6E5NUHdBe01UeSzYA=="
    },
    "@vue/compiler-sfc": {
      "version": "2.7.13",
      "resolved": "https://registry.npmmirror.com/@vue/compiler-sfc/-/compiler-sfc-2.7.13.tgz",
      "integrity": "sha512-zzu2rLRZlgIU+OT3Atbr7Y6PG+LW4wVQpPfNRrGDH3dM9PsrcVfa+1pKb8bW467bGM3aDOvAnsYLWVpYIv3GRg==",
      "requires": {
        "@babel/parser": "^7.18.4",
        "postcss": "^8.4.14",
        "source-map": "^0.6.1"
      }
    },
    "@vue/component-compiler-utils": {
      "version": "3.3.0",
      "resolved": "https://registry.npmmirror.com/@vue/component-compiler-utils/-/component-compiler-utils-3.3.0.tgz",
      "integrity": "sha512-97sfH2mYNU+2PzGrmK2haqffDpVASuib9/w2/noxiFi31Z54hW+q3izKQXXQZSNhtiUpAI36uSuYepeBe4wpHQ==",
      "dev": true,
      "requires": {
        "consolidate": "^0.15.1",
        "hash-sum": "^1.0.2",
        "lru-cache": "^4.1.2",
        "merge-source-map": "^1.1.0",
        "postcss": "^7.0.36",
        "postcss-selector-parser": "^6.0.2",
        "prettier": "^1.18.2 || ^2.0.0",
        "source-map": "~0.6.1",
        "vue-template-es2015-compiler": "^1.9.0"
      },
      "dependencies": {
        "picocolors": {
          "version": "0.2.1",
          "resolved": "https://registry.npmmirror.com/picocolors/-/picocolors-0.2.1.tgz",
          "integrity": "sha512-cMlDqaLEqfSaW8Z7N5Jw+lyIW869EzT73/F5lhtY9cLGoVxSXznfgfXMO0Z5K0o0Q2TkTXq+0KFsdnSe3jDViA==",
          "dev": true
        },
        "postcss": {
          "version": "7.0.39",
          "resolved": "https://registry.npmmirror.com/postcss/-/postcss-7.0.39.tgz",
          "integrity": "sha512-yioayjNbHn6z1/Bywyb2Y4s3yvDAeXGOyxqD+LnVOinq6Mdmd++SW2wUNVzavyyHxd6+DxzWGIuosg6P1Rj8uA==",
          "dev": true,
          "requires": {
            "picocolors": "^0.2.1",
            "source-map": "^0.6.1"
          }
        }
      }
    },
    "bluebird": {
      "version": "3.7.2",
      "resolved": "https://registry.npmmirror.com/bluebird/-/bluebird-3.7.2.tgz",
      "integrity": "sha512-XpNj6GDQzdfW+r2Wnn7xiSAd7TM3jzkxGXBGTtWKuSXv1xUV+azxAm8jdWZN06QTQk+2N2XB9jRDkvbmQmcRtg==",
      "dev": true
    },
    "consolidate": {
      "version": "0.15.1",
      "resolved": "https://registry.npmmirror.com/consolidate/-/consolidate-0.15.1.tgz",
      "integrity": "sha512-DW46nrsMJgy9kqAbPt5rKaCr7uFtpo4mSUvLHIUbJEjm0vo+aY5QLwBUq3FK4tRnJr/X0Psc0C4jf/h+HtXSMw==",
      "dev": true,
      "requires": {
        "bluebird": "^3.1.1"
      }
    },
    "cssesc": {
      "version": "3.0.0",
      "resolved": "https://registry.npmmirror.com/cssesc/-/cssesc-3.0.0.tgz",
      "integrity": "sha512-/Tb/JcjK111nNScGob5MNtsntNM1aCNUDipB/TkwZFhyDrrE47SOx/18wF2bbjgc3ZzCSKW1T5nt5EbFoAz/Vg==",
      "dev": true
    },
    "csstype": {
      "version": "3.1.1",
      "resolved": "https://registry.npmmirror.com/csstype/-/csstype-3.1.1.tgz",
      "integrity": "sha512-DJR/VvkAvSZW9bTouZue2sSxDwdTN92uHjqeKVm+0dAqdfNykRzQ95tay8aXMBAAPpUiq4Qcug2L7neoRh2Egw=="
    },
    "de-indent": {
      "version": "1.0.2",
      "resolved": "https://registry.npmmirror.com/de-indent/-/de-indent-1.0.2.tgz",
      "integrity": "sha512-e/1zu3xH5MQryN2zdVaF0OrdNLUbvWxzMbi+iNA6Bky7l1RoP8a2fIbRocyHclXt/arDrrR6lL3TqFD9pMQTsg==",
      "dev": true
    },
    "hash-sum": {
      "version": "1.0.2",
      "resolved": "https://registry.npmmirror.com/hash-sum/-/hash-sum-1.0.2.tgz",
      "integrity": "sha512-fUs4B4L+mlt8/XAtSOGMUO1TXmAelItBPtJG7CyHJfYTdDjwisntGO2JQz7oUsatOY9o68+57eziUVNw/mRHmA==",
      "dev": true
    },
    "he": {
      "version": "1.2.0",
      "resolved": "https://registry.npmmirror.com/he/-/he-1.2.0.tgz",
      "integrity": "sha512-F/1DnUGPopORZi0ni+CvrCgHQ5FyEAHRLSApuYWMmrbSwoN2Mn/7k+Gl38gJnR7yyDZk6WLXwiGod1JOWNDKGw==",
      "dev": true
    },
    "lru-cache": {
      "version": "4.1.5",
      "resolved": "https://registry.npmmirror.com/lru-cache/-/lru-cache-4.1.5.tgz",
      "integrity": "sha512-sWZlbEP2OsHNkXrMl5GYk/jKk70MBng6UU4YI/qGDYbgf6YbP4EvmqISbXCoJiRKs+1bSpFHVgQxvJ17F2li5g==",
      "dev": true,
      "requires": {
        "pseudomap": "^1.0.2",
        "yallist": "^2.1.2"
      }
    },
    "merge-source-map": {
      "version": "1.1.0",
      "resolved": "https://registry.npmmirror.com/merge-source-map/-/merge-source-map-1.1.0.tgz",
      "integrity": "sha512-Qkcp7P2ygktpMPh2mCQZaf3jhN6D3Z/qVZHSdWvQ+2Ef5HgRAPBO57A77+ENm0CPx2+1Ce/MYKi3ymqdfuqibw==",
      "dev": true,
      "requires": {
        "source-map": "^0.6.1"
      }
    },
    "nanoid": {
      "version": "3.3.4",
      "resolved": "https://registry.npmmirror.com/nanoid/-/nanoid-3.3.4.tgz",
      "integrity": "sha512-MqBkQh/OHTS2egovRtLk45wEyNXwF+cokD+1YPf9u5VfJiRdAiRwB2froX5Co9Rh20xs4siNPm8naNotSD6RBw=="
    },
    "picocolors": {
      "version": "1.0.0",
      "resolved": "https://registry.npmmirror.com/picocolors/-/picocolors-1.0.0.tgz",
      "integrity": "sha512-1fygroTLlHu66zi26VoTDv8yRgm0Fccecssto+MhsZ0D/DGW2sm8E8AjW7NU5VVTRt5GxbeZ5qBuJr+HyLYkjQ=="
    },
    "postcss": {
      "version": "8.4.18",
      "resolved": "https://registry.npmmirror.com/postcss/-/postcss-8.4.18.tgz",
      "integrity": "sha512-Wi8mWhncLJm11GATDaQKobXSNEYGUHeQLiQqDFG1qQ5UTDPTEvKw0Xt5NsTpktGTwLps3ByrWsBrG0rB8YQ9oA==",
      "requires": {
        "nanoid": "^3.3.4",
        "picocolors": "^1.0.0",
        "source-map-js": "^1.0.2"
      }
    },
    "postcss-selector-parser": {
      "version": "6.0.10",
      "resolved": "https://registry.npmmirror.com/postcss-selector-parser/-/postcss-selector-parser-6.0.10.tgz",
      "integrity": "sha512-IQ7TZdoaqbT+LCpShg46jnZVlhWD2w6iQYAcYXfHARZ7X1t/UGhhceQDs5X0cGqKvYlHNOuv7Oa1xmb0oQuA3w==",
      "dev": true,
      "requires": {
        "cssesc": "^3.0.0",
        "util-deprecate": "^1.0.2"
      }
    },
    "prettier": {
      "version": "2.7.1",
      "resolved": "https://registry.npmmirror.com/prettier/-/prettier-2.7.1.tgz",
      "integrity": "sha512-ujppO+MkdPqoVINuDFDRLClm7D78qbDt0/NR+wp5FqEZOoTNAjPHWj17QRhu7geIHJfcNhRk1XVQmF8Bp3ye+g==",
      "dev": true,
      "optional": true
    },
    "pseudomap": {
      "version": "1.0.2",
      "resolved": "https://registry.npmmirror.com/pseudomap/-/pseudomap-1.0.2.tgz",
      "integrity": "sha512-b/YwNhb8lk1Zz2+bXXpS/LK9OisiZZ1SNsSLxN1x2OXVEhW2Ckr/7mWE5vrC1ZTiJlD9g19jWszTmJsB+oEpFQ==",
      "dev": true
    },
    "source-map": {
      "version": "0.6.1",
      "resolved": "https://registry.npmmirror.com/source-map/-/source-map-0.6.1.tgz",
      "integrity": "sha512-UjgapumWlbMhkBgzT7Ykc5YXUT46F0iKu8SGXq0bcwP5dz/h0Plj6enJqjz1Zbq2l5WaqYnrVbwWOWMyF3F47g=="
    },
    "source-map-js": {
      "version": "1.0.2",
      "resolved": "https://registry.npmmirror.com/source-map-js/-/source-map-js-1.0.2.tgz",
      "integrity": "sha512-R0XvVJ9WusLiqTCEiGCmICCMplcCkIwwR11mOSD9CR5u+IXYdiseeEuXCVAjS54zqwkLcPNnmU4OeJ6tUrWhDw=="
    },
    "util-deprecate": {
      "version": "1.0.2",
      "resolved": "https://registry.npmmirror.com/util-deprecate/-/util-deprecate-1.0.2.tgz",
      "integrity": "sha512-EPD5q1uXyFxJpCrLnCc1nHnq3gOa6DZBocAIiI2TaSCA7VCJ1UJDMagCzIkXNsUYfD1daK//LTEQ8xiIbrHtcw==",
      "dev": true
    },
    "vue": {
      "version": "2.7.13",
      "resolved": "https://registry.npmmirror.com/vue/-/vue-2.7.13.tgz",
      "integrity": "sha512-QnM6ULTNnPmn71eUO+4hdjfBIA3H0GLsBnchnI/kS678tjI45GOUZhXd0oP/gX9isikXz1PAzSnkPspp9EUNfQ==",
      "requires": {
        "@vue/compiler-sfc": "2.7.13",
        "csstype": "^3.1.0"
      }
    },
    "vue-hot-reload-api": {
      "version": "2.3.4",
      "resolved": "https://registry.npmmirror.com/vue-hot-reload-api/-/vue-hot-reload-api-2.3.4.tgz",
      "integrity": "sha512-BXq3jwIagosjgNVae6tkHzzIk6a8MHFtzAdwhnV5VlvPTFxDCvIttgSiHWjdGoTJvXtmRu5HacExfdarRcFhog=="
    },
    "vue-template-compiler": {
      "version": "2.7.13",
      "resolved": "https://registry.npmmirror.com/vue-template-compiler/-/vue-template-compiler-2.7.13.tgz",
      "integrity": "sha512-jYM6TClwDS9YqP48gYrtAtaOhRKkbYmbzE+Q51gX5YDr777n7tNI/IZk4QV4l/PjQPNh/FVa/E92sh/RqKMrog==",
      "dev": true,
      "requires": {
        "de-indent": "^1.0.2",
        "he": "^1.2.0"
      }
    },
    "vue-template-es2015-compiler": {
      "version": "1.9.1",
      "resolved": "https://registry.npmmirror.com/vue-template-es2015-compiler/-/vue-template-es2015-compiler-1.9.1.tgz",
      "integrity": "sha512-4gDntzrifFnCEvyoO8PqyJDmguXgVPxKiIxrBKjIowvL9l+N66196+72XVYR8BBf1Uv1Fgt3bGevJ+sEmxfZzw==",
      "dev": true
    },
    "yallist": {
      "version": "2.1.2",
      "resolved": "https://registry.npmmirror.com/yallist/-/yallist-2.1.2.tgz",
      "integrity": "sha512-ncTzHV7NvsQZkYe1DW7cbDLm0YpzHmZF5r/iyP3ZnQtMiJ+pjzisCiMNI+Sj+xQF5pXhSHxSB3uDbsBTzY/c2A==",
      "dev": true
    }
  }
}
